// !$*UTF8*$!
{
	archiveVersion = 1;
	classes = {
	};
	objectVersion = 46;
	objects = {

/* Begin PBXBuildFile section */
		81CEA9C31CD381F300F730E5 /* main.m in Sources */ = {isa = PBXBuildFile; fileRef = 81CEA9C21CD381F300F730E5 /* main.m */; };
		81CEA9C61CD381F300F730E5 /* AppDelegate.m in Sources */ = {isa = PBXBuildFile; fileRef = 81CEA9C51CD381F300F730E5 /* AppDelegate.m */; };
		81CEA9C91CD381F300F730E5 /* ViewController.m in Sources */ = {isa = PBXBuildFile; fileRef = 81CEA9C81CD381F300F730E5 /* ViewController.m */; };
		81CEA9CC1CD381F300F730E5 /* Main.storyboard in Resources */ = {isa = PBXBuildFile; fileRef = 81CEA9CA1CD381F300F730E5 /* Main.storyboard */; };
		81CEA9CE1CD381F300F730E5 /* Assets.xcassets in Resources */ = {isa = PBXBuildFile; fileRef = 81CEA9CD1CD381F300F730E5 /* Assets.xcassets */; };
		81CEA9D11CD381F300F730E5 /* LaunchScreen.storyboard in Resources */ = {isa = PBXBuildFile; fileRef = 81CEA9CF1CD381F300F730E5 /* LaunchScreen.storyboard */; };
		81CEA9DC1CD381F400F730E5 /* CodeYanZhengTests.m in Sources */ = {isa = PBXBuildFile; fileRef = 81CEA9DB1CD381F400F730E5 /* CodeYanZhengTests.m */; };
		81CEA9E71CD381F400F730E5 /* CodeYanZhengUITests.m in Sources */ = {isa = PBXBuildFile; fileRef = 81CEA9E61CD381F400F730E5 /* CodeYanZhengUITests.m */; };
		81CEAA111CD3821400F730E5 /* LICENSE in Resources */ = {isa = PBXBuildFile; fileRef = 81CEA9F51CD3821400F730E5 /* LICENSE */; };
		81CEAA121CD3821400F730E5 /* MASCompositeConstraint.m in Sources */ = {isa = PBXBuildFile; fileRef = 81CEA9F81CD3821400F730E5 /* MASCompositeConstraint.m */; };
		81CEAA131CD3821400F730E5 /* MASConstraint.m in Sources */ = {isa = PBXBuildFile; fileRef = 81CEA9FB1CD3821400F730E5 /* MASConstraint.m */; };
		81CEAA141CD3821400F730E5 /* MASConstraintMaker.m in Sources */ = {isa = PBXBuildFile; fileRef = 81CEA9FD1CD3821400F730E5 /* MASConstraintMaker.m */; };
		81CEAA151CD3821400F730E5 /* MASLayoutConstraint.m in Sources */ = {isa = PBXBuildFile; fileRef = 81CEA9FF1CD3821400F730E5 /* MASLayoutConstraint.m */; };
		81CEAA161CD3821400F730E5 /* MASViewAttribute.m in Sources */ = {isa = PBXBuildFile; fileRef = 81CEAA031CD3821400F730E5 /* MASViewAttribute.m */; };
		81CEAA171CD3821400F730E5 /* MASViewConstraint.m in Sources */ = {isa = PBXBuildFile; fileRef = 81CEAA051CD3821400F730E5 /* MASViewConstraint.m */; };
		81CEAA181CD3821400F730E5 /* NSArray+MASAdditions.m in Sources */ = {isa = PBXBuildFile; fileRef = 81CEAA071CD3821400F730E5 /* NSArray+MASAdditions.m */; };
		81CEAA191CD3821400F730E5 /* NSLayoutConstraint+MASDebugAdditions.m in Sources */ = {isa = PBXBuildFile; fileRef = 81CEAA0A1CD3821400F730E5 /* NSLayoutConstraint+MASDebugAdditions.m */; };
		81CEAA1A1CD3821400F730E5 /* View+MASAdditions.m in Sources */ = {isa = PBXBuildFile; fileRef = 81CEAA0C1CD3821400F730E5 /* View+MASAdditions.m */; };
		81CEAA1B1CD3821500F730E5 /* ViewController+MASAdditions.m in Sources */ = {isa = PBXBuildFile; fileRef = 81CEAA0F1CD3821400F730E5 /* ViewController+MASAdditions.m */; };
		81CEAA1C1CD3821500F730E5 /* README.md in Sources */ = {isa = PBXBuildFile; fileRef = 81CEAA101CD3821400F730E5 /* README.md */; };
		81CEAA231CD3825500F730E5 /* CaptchaView.m in Sources */ = {isa = PBXBuildFile; fileRef = 81CEAA1E1CD3825500F730E5 /* CaptchaView.m */; };
		81CEAA241CD3825500F730E5 /* IdenCodeViewController.m in Sources */ = {isa = PBXBuildFile; fileRef = 81CEAA201CD3825500F730E5 /* IdenCodeViewController.m */; };
		81CEAA251CD3825500F730E5 /* UIColor+Hex.m in Sources */ = {isa = PBXBuildFile; fileRef = 81CEAA221CD3825500F730E5 /* UIColor+Hex.m */; };
/* End PBXBuildFile section */

/* Begin PBXContainerItemProxy section */
		81CEA9D81CD381F400F730E5 /* PBXContainerItemProxy */ = {
			isa = PBXContainerItemProxy;
			containerPortal = 81CEA9B61CD381F300F730E5 /* Project object */;
			proxyType = 1;
			remoteGlobalIDString = 81CEA9BD1CD381F300F730E5;
			remoteInfo = CodeYanZheng;
		};
		81CEA9E31CD381F400F730E5 /* PBXContainerItemProxy */ = {
			isa = PBXContainerItemProxy;
			containerPortal = 81CEA9B61CD381F300F730E5 /* Project object */;
			proxyType = 1;
			remoteGlobalIDString = 81CEA9BD1CD381F300F730E5;
			remoteInfo = CodeYanZheng;
		};
/* End PBXContainerItemProxy section */

/* Begin PBXFileReference section */
		81CEA9BE1CD381F300F730E5 /* CodeYanZheng.app */ = {isa = PBXFileReference; explicitFileType = wrapper.application; includeInIndex = 0; path = CodeYanZheng.app; sourceTree = BUILT_PRODUCTS_DIR; };
		81CEA9C21CD381F300F730E5 /* main.m */ = {isa = PBXFileReference; lastKnownFileType = sourcecode.c.objc; path = main.m; sourceTree = "<group>"; };
		81CEA9C41CD381F300F730E5 /* AppDelegate.h */ = {isa = PBXFileReference; lastKnownFileType = sourcecode.c.h; path = AppDelegate.h; sourceTree = "<group>"; };
		81CEA9C51CD381F300F730E5 /* AppDelegate.m */ = {isa = PBXFileReference; lastKnownFileType = sourcecode.c.objc; path = AppDelegate.m; sourceTree = "<group>"; };
		81CEA9C71CD381F300F730E5 /* ViewController.h */ = {isa = PBXFileReference; lastKnownFileType = sourcecode.c.h; path = ViewController.h; sourceTree = "<group>"; };
		81CEA9C81CD381F300F730E5 /* ViewController.m */ = {isa = PBXFileReference; lastKnownFileType = sourcecode.c.objc; path = ViewController.m; sourceTree = "<group>"; };
		81CEA9CB1CD381F300F730E5 /* Base */ = {isa = PBXFileReference; lastKnownFileType = file.storyboard; name = Base; path = Base.lproj/Main.storyboard; sourceTree = "<group>"; };
		81CEA9CD1CD381F300F730E5 /* Assets.xcassets */ = {isa = PBXFileReference; lastKnownFileType = folder.assetcatalog; path = Assets.xcassets; sourceTree = "<group>"; };
		81CEA9D01CD381F300F730E5 /* Base */ = {isa = PBXFileReference; lastKnownFileType = file.storyboard; name = Base; path = Base.lproj/LaunchScreen.storyboard; sourceTree = "<group>"; };
		81CEA9D21CD381F300F730E5 /* Info.plist */ = {isa = PBXFileReference; lastKnownFileType = text.plist.xml; path = Info.plist; sourceTree = "<group>"; };
		81CEA9D71CD381F400F730E5 /* CodeYanZhengTests.xctest */ = {isa = PBXFileReference; explicitFileType = wrapper.cfbundle; includeInIndex = 0; path = CodeYanZhengTests.xctest; sourceTree = BUILT_PRODUCTS_DIR; };
		81CEA9DB1CD381F400F730E5 /* CodeYanZhengTests.m */ = {isa = PBXFileReference; lastKnownFileType = sourcecode.c.objc; path = CodeYanZhengTests.m; sourceTree = "<group>"; };
		81CEA9DD1CD381F400F730E5 /* Info.plist */ = {isa = PBXFileReference; lastKnownFileType = text.plist.xml; path = Info.plist; sourceTree = "<group>"; };
		81CEA9E21CD381F400F730E5 /* CodeYanZhengUITests.xctest */ = {isa = PBXFileReference; explicitFileType = wrapper.cfbundle; includeInIndex = 0; path = CodeYanZhengUITests.xctest; sourceTree = BUILT_PRODUCTS_DIR; };
		81CEA9E61CD381F400F730E5 /* CodeYanZhengUITests.m */ = {isa = PBXFileReference; lastKnownFileType = sourcecode.c.objc; path = CodeYanZhengUITests.m; sourceTree = "<group>"; };
		81CEA9E81CD381F400F730E5 /* Info.plist */ = {isa = PBXFileReference; lastKnownFileType = text.plist.xml; path = Info.plist; sourceTree = "<group>"; };
		81CEA9F51CD3821400F730E5 /* LICENSE */ = {isa = PBXFileReference; fileEncoding = 4; lastKnownFileType = text; path = LICENSE; sourceTree = "<group>"; };
		81CEA9F71CD3821400F730E5 /* MASCompositeConstraint.h */ = {isa = PBXFileReference; fileEncoding = 4; lastKnownFileType = sourcecode.c.h; path = MASCompositeConstraint.h; sourceTree = "<group>"; };
		81CEA9F81CD3821400F730E5 /* MASCompositeConstraint.m */ = {isa = PBXFileReference; fileEncoding = 4; lastKnownFileType = sourcecode.c.objc; path = MASCompositeConstraint.m; sourceTree = "<group>"; };
		81CEA9F91CD3821400F730E5 /* MASConstraint+Private.h */ = {isa = PBXFileReference; fileEncoding = 4; lastKnownFileType = sourcecode.c.h; path = "MASConstraint+Private.h"; sourceTree = "<group>"; };
		81CEA9FA1CD3821400F730E5 /* MASConstraint.h */ = {isa = PBXFileReference; fileEncoding = 4; lastKnownFileType = sourcecode.c.h; path = MASConstraint.h; sourceTree = "<group>"; };
		81CEA9FB1CD3821400F730E5 /* MASConstraint.m */ = {isa = PBXFileReference; fileEncoding = 4; lastKnownFileType = sourcecode.c.objc; path = MASConstraint.m; sourceTree = "<group>"; };
		81CEA9FC1CD3821400F730E5 /* MASConstraintMaker.h */ = {isa = PBXFileReference; fileEncoding = 4; lastKnownFileType = sourcecode.c.h; path = MASConstraintMaker.h; sourceTree = "<group>"; };
		81CEA9FD1CD3821400F730E5 /* MASConstraintMaker.m */ = {isa = PBXFileReference; fileEncoding = 4; lastKnownFileType = sourcecode.c.objc; path = MASConstraintMaker.m; sourceTree = "<group>"; };
		81CEA9FE1CD3821400F730E5 /* MASLayoutConstraint.h */ = {isa = PBXFileReference; fileEncoding = 4; lastKnownFileType = sourcecode.c.h; path = MASLayoutConstraint.h; sourceTree = "<group>"; };
		81CEA9FF1CD3821400F730E5 /* MASLayoutConstraint.m */ = {isa = PBXFileReference; fileEncoding = 4; lastKnownFileType = sourcecode.c.objc; path = MASLayoutConstraint.m; sourceTree = "<group>"; };
		81CEAA001CD3821400F730E5 /* Masonry.h */ = {isa = PBXFileReference; fileEncoding = 4; lastKnownFileType = sourcecode.c.h; path = Masonry.h; sourceTree = "<group>"; };
		81CEAA011CD3821400F730E5 /* MASUtilities.h */ = {isa = PBXFileReference; fileEncoding = 4; lastKnownFileType = sourcecode.c.h; path = MASUtilities.h; sourceTree = "<group>"; };
		81CEAA021CD3821400F730E5 /* MASViewAttribute.h */ = {isa = PBXFileReference; fileEncoding = 4; lastKnownFileType = sourcecode.c.h; path = MASViewAttribute.h; sourceTree = "<group>"; };
		81CEAA031CD3821400F730E5 /* MASViewAttribute.m */ = {isa = PBXFileReference; fileEncoding = 4; lastKnownFileType = sourcecode.c.objc; path = MASViewAttribute.m; sourceTree = "<group>"; };
		81CEAA041CD3821400F730E5 /* MASViewConstraint.h */ = {isa = PBXFileReference; fileEncoding = 4; lastKnownFileType = sourcecode.c.h; path = MASViewConstraint.h; sourceTree = "<group>"; };
		81CEAA051CD3821400F730E5 /* MASViewConstraint.m */ = {isa = PBXFileReference; fileEncoding = 4; lastKnownFileType = sourcecode.c.objc; path = MASViewConstraint.m; sourceTree = "<group>"; };
		81CEAA061CD3821400F730E5 /* NSArray+MASAdditions.h */ = {isa = PBXFileReference; fileEncoding = 4; lastKnownFileType = sourcecode.c.h; path = "NSArray+MASAdditions.h"; sourceTree = "<group>"; };
		81CEAA071CD3821400F730E5 /* NSArray+MASAdditions.m */ = {isa = PBXFileReference; fileEncoding = 4; lastKnownFileType = sourcecode.c.objc; path = "NSArray+MASAdditions.m"; sourceTree = "<group>"; };
		81CEAA081CD3821400F730E5 /* NSArray+MASShorthandAdditions.h */ = {isa = PBXFileReference; fileEncoding = 4; lastKnownFileType = sourcecode.c.h; path = "NSArray+MASShorthandAdditions.h"; sourceTree = "<group>"; };
		81CEAA091CD3821400F730E5 /* NSLayoutConstraint+MASDebugAdditions.h */ = {isa = PBXFileReference; fileEncoding = 4; lastKnownFileType = sourcecode.c.h; path = "NSLayoutConstraint+MASDebugAdditions.h"; sourceTree = "<group>"; };
		81CEAA0A1CD3821400F730E5 /* NSLayoutConstraint+MASDebugAdditions.m */ = {isa = PBXFileReference; fileEncoding = 4; lastKnownFileType = sourcecode.c.objc; path = "NSLayoutConstraint+MASDebugAdditions.m"; sourceTree = "<group>"; };
		81CEAA0B1CD3821400F730E5 /* View+MASAdditions.h */ = {isa = PBXFileReference; fileEncoding = 4; lastKnownFileType = sourcecode.c.h; path = "View+MASAdditions.h"; sourceTree = "<group>"; };
		81CEAA0C1CD3821400F730E5 /* View+MASAdditions.m */ = {isa = PBXFileReference; fileEncoding = 4; lastKnownFileType = sourcecode.c.objc; path = "View+MASAdditions.m"; sourceTree = "<group>"; };
		81CEAA0D1CD3821400F730E5 /* View+MASShorthandAdditions.h */ = {isa = PBXFileReference; fileEncoding = 4; lastKnownFileType = sourcecode.c.h; path = "View+MASShorthandAdditions.h"; sourceTree = "<group>"; };
		81CEAA0E1CD3821400F730E5 /* ViewController+MASAdditions.h */ = {isa = PBXFileReference; fileEncoding = 4; lastKnownFileType = sourcecode.c.h; path = "ViewController+MASAdditions.h"; sourceTree = "<group>"; };
		81CEAA0F1CD3821400F730E5 /* ViewController+MASAdditions.m */ = {isa = PBXFileReference; fileEncoding = 4; lastKnownFileType = sourcecode.c.objc; path = "ViewController+MASAdditions.m"; sourceTree = "<group>"; };
		81CEAA101CD3821400F730E5 /* README.md */ = {isa = PBXFileReference; fileEncoding = 4; lastKnownFileType = net.daringfireball.markdown; path = README.md; sourceTree = "<group>"; };
		81CEAA1D1CD3825500F730E5 /* CaptchaView.h */ = {isa = PBXFileReference; fileEncoding = 4; lastKnownFileType = sourcecode.c.h; name = CaptchaView.h; path = ../CaptchaView.h; sourceTree = "<group>"; };
		81CEAA1E1CD3825500F730E5 /* CaptchaView.m */ = {isa = PBXFileReference; fileEncoding = 4; lastKnownFileType = sourcecode.c.objc; name = CaptchaView.m; path = ../CaptchaView.m; sourceTree = "<group>"; };
		81CEAA1F1CD3825500F730E5 /* IdenCodeViewController.h */ = {isa = PBXFileReference; fileEncoding = 4; lastKnownFileType = sourcecode.c.h; name = IdenCodeViewController.h; path = ../IdenCodeViewController.h; sourceTree = "<group>"; };
		81CEAA201CD3825500F730E5 /* IdenCodeViewController.m */ = {isa = PBXFileReference; fileEncoding = 4; lastKnownFileType = sourcecode.c.objc; name = IdenCodeViewController.m; path = ../IdenCodeViewController.m; sourceTree = "<group>"; };
		81CEAA211CD3825500F730E5 /* UIColor+Hex.h */ = {isa = PBXFileReference; fileEncoding = 4; lastKnownFileType = sourcecode.c.h; name = "UIColor+Hex.h"; path = "../UIColor+Hex.h"; sourceTree = "<group>"; };
		81CEAA221CD3825500F730E5 /* UIColor+Hex.m */ = {isa = PBXFileReference; fileEncoding = 4; lastKnownFileType = sourcecode.c.objc; name = "UIColor+Hex.m"; path = "../UIColor+Hex.m"; sourceTree = "<group>"; };
/* End PBXFileReference section */

/* Begin PBXFrameworksBuildPhase section */
		81CEA9BB1CD381F300F730E5 /* Frameworks */ = {
			isa = PBXFrameworksBuildPhase;
			buildActionMask = 2147483647;
			files = (
			);
			runOnlyForDeploymentPostprocessing = 0;
		};
		81CEA9D41CD381F400F730E5 /* Frameworks */ = {
			isa = PBXFrameworksBuildPhase;
			buildActionMask = 2147483647;
			files = (
			);
			runOnlyForDeploymentPostprocessing = 0;
		};
		81CEA9DF1CD381F400F730E5 /* Frameworks */ = {
			isa = PBXFrameworksBuildPhase;
			buildActionMask = 2147483647;
			files = (
			);
			runOnlyForDeploymentPostprocessing = 0;
		};
/* End PBXFrameworksBuildPhase section */

/* Begin PBXGroup section */
		81CEA9B51CD381F300F730E5 = {
			isa = PBXGroup;
			children = (
				81CEA9C01CD381F300F730E5 /* CodeYanZheng */,
				81CEA9DA1CD381F400F730E5 /* CodeYanZhengTests */,
				81CEA9E51CD381F400F730E5 /* CodeYanZhengUITests */,
				81CEA9BF1CD381F300F730E5 /* Products */,
			);
			sourceTree = "<group>";
		};
		81CEA9BF1CD381F300F730E5 /* Products */ = {
			isa = PBXGroup;
			children = (
				81CEA9BE1CD381F300F730E5 /* CodeYanZheng.app */,
				81CEA9D71CD381F400F730E5 /* CodeYanZhengTests.xctest */,
				81CEA9E21CD381F400F730E5 /* CodeYanZhengUITests.xctest */,
			);
			name = Products;
			sourceTree = "<group>";
		};
		81CEA9C01CD381F300F730E5 /* CodeYanZheng */ = {
			isa = PBXGroup;
			children = (
				81CEAA261CD3829800F730E5 /* Tool */,
				81CEA9F41CD3821400F730E5 /* Masonry */,
				81CEA9C41CD381F300F730E5 /* AppDelegate.h */,
				81CEA9C51CD381F300F730E5 /* AppDelegate.m */,
				81CEA9C71CD381F300F730E5 /* ViewController.h */,
				81CEA9C81CD381F300F730E5 /* ViewController.m */,
				81CEA9CA1CD381F300F730E5 /* Main.storyboard */,
				81CEA9CD1CD381F300F730E5 /* Assets.xcassets */,
				81CEA9CF1CD381F300F730E5 /* LaunchScreen.storyboard */,
				81CEA9D21CD381F300F730E5 /* Info.plist */,
				81CEA9C11CD381F300F730E5 /* Supporting Files */,
			);
			path = CodeYanZheng;
			sourceTree = "<group>";
		};
		81CEA9C11CD381F300F730E5 /* Supporting Files */ = {
			isa = PBXGroup;
			children = (
				81CEA9C21CD381F300F730E5 /* main.m */,
			);
			name = "Supporting Files";
			sourceTree = "<group>";
		};
		81CEA9DA1CD381F400F730E5 /* CodeYanZhengTests */ = {
			isa = PBXGroup;
			children = (
				81CEA9DB1CD381F400F730E5 /* CodeYanZhengTests.m */,
				81CEA9DD1CD381F400F730E5 /* Info.plist */,
			);
			path = CodeYanZhengTests;
			sourceTree = "<group>";
		};
		81CEA9E51CD381F400F730E5 /* CodeYanZhengUITests */ = {
			isa = PBXGroup;
			children = (
				81CEA9E61CD381F400F730E5 /* CodeYanZhengUITests.m */,
				81CEA9E81CD381F400F730E5 /* Info.plist */,
			);
			path = CodeYanZhengUITests;
			sourceTree = "<group>";
		};
		81CEA9F41CD3821400F730E5 /* Masonry */ = {
			isa = PBXGroup;
			children = (
				81CEA9F51CD3821400F730E5 /* LICENSE */,
				81CEA9F61CD3821400F730E5 /* Masonry */,
				81CEAA101CD3821400F730E5 /* README.md */,
			);
			path = Masonry;
			sourceTree = "<group>";
		};
		81CEA9F61CD3821400F730E5 /* Masonry */ = {
			isa = PBXGroup;
			children = (
				81CEA9F71CD3821400F730E5 /* MASCompositeConstraint.h */,
				81CEA9F81CD3821400F730E5 /* MASCompositeConstraint.m */,
				81CEA9F91CD3821400F730E5 /* MASConstraint+Private.h */,
				81CEA9FA1CD3821400F730E5 /* MASConstraint.h */,
				81CEA9FB1CD3821400F730E5 /* MASConstraint.m */,
				81CEA9FC1CD3821400F730E5 /* MASConstraintMaker.h */,
				81CEA9FD1CD3821400F730E5 /* MASConstraintMaker.m */,
				81CEA9FE1CD3821400F730E5 /* MASLayoutConstraint.h */,
				81CEA9FF1CD3821400F730E5 /* MASLayoutConstraint.m */,
				81CEAA001CD3821400F730E5 /* Masonry.h */,
				81CEAA011CD3821400F730E5 /* MASUtilities.h */,
				81CEAA021CD3821400F730E5 /* MASViewAttribute.h */,
				81CEAA031CD3821400F730E5 /* MASViewAttribute.m */,
				81CEAA041CD3821400F730E5 /* MASViewConstraint.h */,
				81CEAA051CD3821400F730E5 /* MASViewConstraint.m */,
				81CEAA061CD3821400F730E5 /* NSArray+MASAdditions.h */,
				81CEAA071CD3821400F730E5 /* NSArray+MASAdditions.m */,
				81CEAA081CD3821400F730E5 /* NSArray+MASShorthandAdditions.h */,
				81CEAA091CD3821400F730E5 /* NSLayoutConstraint+MASDebugAdditions.h */,
				81CEAA0A1CD3821400F730E5 /* NSLayoutConstraint+MASDebugAdditions.m */,
				81CEAA0B1CD3821400F730E5 /* View+MASAdditions.h */,
				81CEAA0C1CD3821400F730E5 /* View+MASAdditions.m */,
				81CEAA0D1CD3821400F730E5 /* View+MASShorthandAdditions.h */,
				81CEAA0E1CD3821400F730E5 /* ViewController+MASAdditions.h */,
				81CEAA0F1CD3821400F730E5 /* ViewController+MASAdditions.m */,
			);
			path = Masonry;
			sourceTree = "<group>";
		};
		81CEAA261CD3829800F730E5 /* Tool */ = {
			isa = PBXGroup;
			children = (
				81CEAA1D1CD3825500F730E5 /* CaptchaView.h */,
				81CEAA1E1CD3825500F730E5 /* CaptchaView.m */,
				81CEAA1F1CD3825500F730E5 /* IdenCodeViewController.h */,
				81CEAA201CD3825500F730E5 /* IdenCodeViewController.m */,
				81CEAA211CD3825500F730E5 /* UIColor+Hex.h */,
				81CEAA221CD3825500F730E5 /* UIColor+Hex.m */,
			);
			name = Tool;
			path = Masonry;
			sourceTree = "<group>";
		};
/* End PBXGroup section */

/* Begin PBXNativeTarget section */
		81CEA9BD1CD381F300F730E5 /* CodeYanZheng */ = {
			isa = PBXNativeTarget;
			buildConfigurationList = 81CEA9EB1CD381F400F730E5 /* Build configuration list for PBXNativeTarget "CodeYanZheng" */;
			buildPhases = (
				81CEA9BA1CD381F300F730E5 /* Sources */,
				81CEA9BB1CD381F300F730E5 /* Frameworks */,
				81CEA9BC1CD381F300F730E5 /* Resources */,
			);
			buildRules = (
			);
			dependencies = (
			);
			name = CodeYanZheng;
			productName = CodeYanZheng;
			productReference = 81CEA9BE1CD381F300F730E5 /* CodeYanZheng.app */;
			productType = "com.apple.product-type.application";
		};
		81CEA9D61CD381F400F730E5 /* CodeYanZhengTests */ = {
			isa = PBXNativeTarget;
			buildConfigurationList = 81CEA9EE1CD381F400F730E5 /* Build configuration list for PBXNativeTarget "CodeYanZhengTests" */;
			buildPhases = (
				81CEA9D31CD381F400F730E5 /* Sources */,
				81CEA9D41CD381F400F730E5 /* Frameworks */,
				81CEA9D51CD381F400F730E5 /* Resources */,
			);
			buildRules = (
			);
			dependencies = (
				81CEA9D91CD381F400F730E5 /* PBXTargetDependency */,
			);
			name = CodeYanZhengTests;
			productName = CodeYanZhengTests;
			productReference = 81CEA9D71CD381F400F730E5 /* CodeYanZhengTests.xctest */;
			productType = "com.apple.product-type.bundle.unit-test";
		};
		81CEA9E11CD381F400F730E5 /* CodeYanZhengUITests */ = {
			isa = PBXNativeTarget;
			buildConfigurationList = 81CEA9F11CD381F400F730E5 /* Build configuration list for PBXNativeTarget "CodeYanZhengUITests" */;
			buildPhases = (
				81CEA9DE1CD381F400F730E5 /* Sources */,
				81CEA9DF1CD381F400F730E5 /* Frameworks */,
				81CEA9E01CD381F400F730E5 /* Resources */,
			);
			buildRules = (
			);
			dependencies = (
				81CEA9E41CD381F400F730E5 /* PBXTargetDependency */,
			);
			name = CodeYanZhengUITests;
			productName = CodeYanZhengUITests;
			productReference = 81CEA9E21CD381F400F730E5 /* CodeYanZhengUITests.xctest */;
			productType = "com.apple.product-type.bundle.ui-testing";
		};
/* End PBXNativeTarget section */

/* Begin PBXProject section */
		81CEA9B61CD381F300F730E5 /* Project object */ = {
			isa = PBXProject;
			attributes = {
				LastUpgradeCheck = 0720;
				ORGANIZATIONNAME = GZ;
				TargetAttributes = {
					81CEA9BD1CD381F300F730E5 = {
						CreatedOnToolsVersion = 7.2;
					};
					81CEA9D61CD381F400F730E5 = {
						CreatedOnToolsVersion = 7.2;
						TestTargetID = 81CEA9BD1CD381F300F730E5;
					};
					81CEA9E11CD381F400F730E5 = {
						CreatedOnToolsVersion = 7.2;
						TestTargetID = 81CEA9BD1CD381F300F730E5;
					};
				};
			};
			buildConfigurationList = 81CEA9B91CD381F300F730E5 /* Build configuration list for PBXProject "CodeYanZheng" */;
			compatibilityVersion = "Xcode 3.2";
			developmentRegion = English;
			hasScannedForEncodings = 0;
			knownRegions = (
				en,
				Base,
			);
			mainGroup = 81CEA9B51CD381F300F730E5;
			productRefGroup = 81CEA9BF1CD381F300F730E5 /* Products */;
			projectDirPath = "";
			projectRoot = "";
			targets = (
				81CEA9BD1CD381F300F730E5 /* CodeYanZheng */,
				81CEA9D61CD381F400F730E5 /* CodeYanZhengTests */,
				81CEA9E11CD381F400F730E5 /* CodeYanZhengUITests */,
			);
		};
/* End PBXProject section */

/* Begin PBXResourcesBuildPhase section */
		81CEA9BC1CD381F300F730E5 /* Resources */ = {
			isa = PBXResourcesBuildPhase;
			buildActionMask = 2147483647;
			files = (
				81CEA9D11CD381F300F730E5 /* LaunchScreen.storyboard in Resources */,
				81CEA9CE1CD381F300F730E5 /* Assets.xcassets in Resources */,
				81CEAA111CD3821400F730E5 /* LICENSE in Resources */,
				81CEA9CC1CD381F300F730E5 /* Main.storyboard in Resources */,
			);
			runOnlyForDeploymentPostprocessing = 0;
		};
		81CEA9D51CD381F400F730E5 /* Resources */ = {
			isa = PBXResourcesBuildPhase;
			buildActionMask = 2147483647;
			files = (
			);
			runOnlyForDeploymentPostprocessing = 0;
		};
		81CEA9E01CD381F400F730E5 /* Resources */ = {
			isa = PBXResourcesBuildPhase;
			buildActionMask = 2147483647;
			files = (
			);
			runOnlyForDeploymentPostprocessing = 0;
		};
/* End PBXResourcesBuildPhase section */

/* Begin PBXSourcesBuildPhase section */
		81CEA9BA1CD381F300F730E5 /* Sources */ = {
			isa = PBXSourcesBuildPhase;
			buildActionMask = 2147483647;
			files = (
				81CEAA191CD3821400F730E5 /* NSLayoutConstraint+MASDebugAdditions.m in Sources */,
				81CEAA251CD3825500F730E5 /* UIColor+Hex.m in Sources */,
				81CEAA231CD3825500F730E5 /* CaptchaView.m in Sources */,
				81CEAA171CD3821400F730E5 /* MASViewConstraint.m in Sources */,
				81CEAA121CD3821400F730E5 /* MASCompositeConstraint.m in Sources */,
				81CEAA181CD3821400F730E5 /* NSArray+MASAdditions.m in Sources */,
				81CEA9C91CD381F300F730E5 /* ViewController.m in Sources */,
				81CEA9C61CD381F300F730E5 /* AppDelegate.m in Sources */,
				81CEAA151CD3821400F730E5 /* MASLayoutConstraint.m in Sources */,
				81CEA9C31CD381F300F730E5 /* main.m in Sources */,
				81CEAA1B1CD3821500F730E5 /* ViewController+MASAdditions.m in Sources */,
				81CEAA1A1CD3821400F730E5 /* View+MASAdditions.m in Sources */,
				81CEAA1C1CD3821500F730E5 /* README.md in Sources */,
				81CEAA161CD3821400F730E5 /* MASViewAttribute.m in Sources */,
				81CEAA241CD3825500F730E5 /* IdenCodeViewController.m in Sources */,
				81CEAA131CD3821400F730E5 /* MASConstraint.m in Sources */,
				81CEAA141CD3821400F730E5 /* MASConstraintMaker.m in Sources */,
			);
			runOnlyForDeploymentPostprocessing = 0;
		};
		81CEA9D31CD381F400F730E5 /* Sources */ = {
			isa = PBXSourcesBuildPhase;
			buildActionMask = 2147483647;
			files = (
				81CEA9DC1CD381F400F730E5 /* CodeYanZhengTests.m in Sources */,
			);
			runOnlyForDeploymentPostprocessing = 0;
		};
		81CEA9DE1CD381F400F730E5 /* Sources */ = {
			isa = PBXSourcesBuildPhase;
			buildActionMask = 2147483647;
			files = (
				81CEA9E71CD381F400F730E5 /* CodeYanZhengUITests.m in Sources */,
			);
			runOnlyForDeploymentPostprocessing = 0;
		};
/* End PBXSourcesBuildPhase section */

/* Begin PBXTargetDependency section */
		81CEA9D91CD381F400F730E5 /* PBXTargetDependency */ = {
			isa = PBXTargetDependency;
			target = 81CEA9BD1CD381F300F730E5 /* CodeYanZheng */;
			targetProxy = 81CEA9D81CD381F400F730E5 /* PBXContainerItemProxy */;
		};
		81CEA9E41CD381F400F730E5 /* PBXTargetDependency */ = {
			isa = PBXTargetDependency;
			target = 81CEA9BD1CD381F300F730E5 /* CodeYanZheng */;
			targetProxy = 81CEA9E31CD381F400F730E5 /* PBXContainerItemProxy */;
		};
/* End PBXTargetDependency section */

/* Begin PBXVariantGroup section */
		81CEA9CA1CD381F300F730E5 /* Main.storyboard */ = {
			isa = PBXVariantGroup;
			children = (
				81CEA9CB1CD381F300F730E5 /* Base */,
			);
			name = Main.storyboard;
			sourceTree = "<group>";
		};
		81CEA9CF1CD381F300F730E5 /* LaunchScreen.storyboard */ = {
			isa = PBXVariantGroup;
			children = (
				81CEA9D01CD381F300F730E5 /* Base */,
			);
			name = LaunchScreen.storyboard;
			sourceTree = "<group>";
		};
/* End PBXVariantGroup section */

/* Begin XCBuildConfiguration section */
		81CEA9E91CD381F400F730E5 /* Debug */ = {
			isa = XCBuildConfiguration;
			buildSettings = {
				ALWAYS_SEARCH_USER_PATHS = NO;
				CLANG_CXX_LANGUAGE_STANDARD = "gnu++0x";
				CLANG_CXX_LIBRARY = "libc++";
				CLANG_ENABLE_MODULES = YES;
				CLANG_ENABLE_OBJC_ARC = YES;
				CLANG_WARN_BOOL_CONVERSION = YES;
				CLANG_WARN_CONSTANT_CONVERSION = YES;
				CLANG_WARN_DIRECT_OBJC_ISA_USAGE = YES_ERROR;
				CLANG_WARN_EMPTY_BODY = YES;
				CLANG_WARN_ENUM_CONVERSION = YES;
				CLANG_WARN_INT_CONVERSION = YES;
				CLANG_WARN_OBJC_ROOT_CLASS = YES_ERROR;
				CLANG_WARN_UNREACHABLE_CODE = YES;
				CLANG_WARN__DUPLICATE_METHOD_MATCH = YES;
				"CODE_SIGN_IDENTITY[sdk=iphoneos*]" = "iPhone Developer";
				COPY_PHASE_STRIP = NO;
				DEBUG_INFORMATION_FORMAT = dwarf;
				ENABLE_STRICT_OBJC_MSGSEND = YES;
				ENABLE_TESTABILITY = YES;
				GCC_C_LANGUAGE_STANDARD = gnu99;
				GCC_DYNAMIC_NO_PIC = NO;
				GCC_NO_COMMON_BLOCKS = YES;
				GCC_OPTIMIZATION_LEVEL = 0;
				GCC_PREPROCESSOR_DEFINITIONS = (
					"DEBUG=1",
					"$(inherited)",
				);
				GCC_WARN_64_TO_32_BIT_CONVERSION = YES;
				GCC_WARN_ABOUT_RETURN_TYPE = YES_ERROR;
				GCC_WARN_UNDECLARED_SELECTOR = YES;
				GCC_WARN_UNINITIALIZED_AUTOS = YES_AGGRESSIVE;
				GCC_WARN_UNUSED_FUNCTION = YES;
				GCC_WARN_UNUSED_VARIABLE = YES;
				IPHONEOS_DEPLOYMENT_TARGET = 9.2;
				MTL_ENABLE_DEBUG_INFO = YES;
				ONLY_ACTIVE_ARCH = YES;
				SDKROOT = iphoneos;
			};
			name = Debug;
		};
		81CEA9EA1CD381F400F730E5 /* Release */ = {
			isa = XCBuildConfiguration;
			buildSettings = {
				ALWAYS_SEARCH_USER_PATHS = NO;
				CLANG_CXX_LANGUAGE_STANDARD = "gnu++0x";
				CLANG_CXX_LIBRARY = "libc++";
				CLANG_ENABLE_MODULES = YES;
				CLANG_ENABLE_OBJC_ARC = YES;
				CLANG_WARN_BOOL_CONVERSION = YES;
				CLANG_WARN_CONSTANT_CONVERSION = YES;
				CLANG_WARN_DIRECT_OBJC_ISA_USAGE = YES_ERROR;
				CLANG_WARN_EMPTY_BODY = YES;
				CLANG_WARN_ENUM_CONVERSION = YES;
				CLANG_WARN_INT_CONVERSION = YES;
				CLANG_WARN_OBJC_ROOT_CLASS = YES_ERROR;
				CLANG_WARN_UNREACHABLE_CODE = YES;
				CLANG_WARN__DUPLICATE_METHOD_MATCH = YES;
				"CODE_SIGN_IDENTITY[sdk=iphoneos*]" = "iPhone Developer";
				COPY_PHASE_STRIP = NO;
				DEBUG_INFORMATION_FORMAT = "dwarf-with-dsym";
				ENABLE_NS_ASSERTIONS = NO;
				ENABLE_STRICT_OBJC_MSGSEND = YES;
				GCC_C_LANGUAGE_STANDARD = gnu99;
				GCC_NO_COMMON_BLOCKS = YES;
				GCC_WARN_64_TO_32_BIT_CONVERSION = YES;
				GCC_WARN_ABOUT_RETURN_TYPE = YES_ERROR;
				GCC_WARN_UNDECLARED_SELECTOR = YES;
				GCC_WARN_UNINITIALIZED_AUTOS = YES_AGGRESSIVE;
				GCC_WARN_UNUSED_FUNCTION = YES;
				GCC_WARN_UNUSED_VARIABLE = YES;
				IPHONEOS_DEPLOYMENT_TARGET = 9.2;
				MTL_ENABLE_DEBUG_INFO = NO;
				SDKROOT = iphoneos;
				VALIDATE_PRODUCT = YES;
			};
			name = Release;
		};
		81CEA9EC1CD381F400F730E5 /* Debug */ = {
			isa = XCBuildConfiguration;
			buildSettings = {
				ASSETCATALOG_COMPILER_APPICON_NAME = AppIcon;
				INFOPLIST_FILE = CodeYanZheng/Info.plist;
				LD_RUNPATH_SEARCH_PATHS = "$(inherited) @executable_path/Frameworks";
				PRODUCT_BUNDLE_IDENTIFIER = Zero.CodeYanZheng;
				PRODUCT_NAME = "$(TARGET_NAME)";
			};
			name = Debug;
		};
		81CEA9ED1CD381F400F730E5 /* Release */ = {
			isa = XCBuildConfiguration;
			buildSettings = {
				ASSETCATALOG_COMPILER_APPICON_NAME = AppIcon;
				INFOPLIST_FILE = CodeYanZheng/Info.plist;
				LD_RUNPATH_SEARCH_PATHS = "$(inherited) @executable_path/Frameworks";
				PRODUCT_BUNDLE_IDENTIFIER = Zero.CodeYanZheng;
				PRODUCT_NAME = "$(TARGET_NAME)";
			};
			name = Release;
		};
		81CEA9EF1CD381F400F730E5 /* Debug */ = {
			isa = XCBuildConfiguration;
			buildSettings = {
				BUNDLE_LOADER = "$(TEST_HOST)";
				INFOPLIST_FILE = CodeYanZhengTests/Info.plist;
				LD_RUNPATH_SEARCH_PATHS = "$(inherited) @executable_path/Frameworks @loader_path/Frameworks";
				PRODUCT_BUNDLE_IDENTIFIER = Zero.CodeYanZhengTests;
				PRODUCT_NAME = "$(TARGET_NAME)";
				TEST_HOST = "$(BUILT_PRODUCTS_DIR)/CodeYanZheng.app/CodeYanZheng";
			};
			name = Debug;
		};
		81CEA9F01CD381F400F730E5 /* Release */ = {
			isa = XCBuildConfiguration;
			buildSettings = {
				BUNDLE_LOADER = "$(TEST_HOST)";
				INFOPLIST_FILE = CodeYanZhengTests/Info.plist;
				LD_RUNPATH_SEARCH_PATHS = "$(inherited) @executable_path/Frameworks @loader_path/Frameworks";
				PRODUCT_BUNDLE_IDENTIFIER = Zero.CodeYanZhengTests;
				PRODUCT_NAME = "$(TARGET_NAME)";
				TEST_HOST = "$(BUILT_PRODUCTS_DIR)/CodeYanZheng.app/CodeYanZheng";
			};
			name = Release;
		};
		81CEA9F21CD381F400F730E5 /* Debug */ = {
			isa = XCBuildConfiguration;
			buildSettings = {
				INFOPLIST_FILE = CodeYanZhengUITests/Info.plist;
				LD_RUNPATH_SEARCH_PATHS = "$(inherited) @executable_path/Frameworks @loader_path/Frameworks";
				PRODUCT_BUNDLE_IDENTIFIER = Zero.CodeYanZhengUITests;
				PRODUCT_NAME = "$(TARGET_NAME)";
				TEST_TARGET_NAME = CodeYanZheng;
				USES_XCTRUNNER = YES;
			};
			name = Debug;
		};
		81CEA9F31CD381F400F730E5 /* Release */ = {
			isa = XCBuildConfiguration;
			buildSettings = {
				INFOPLIST_FILE = CodeYanZhengUITests/Info.plist;
				LD_RUNPATH_SEARCH_PATHS = "$(inherited) @executable_path/Frameworks @loader_path/Frameworks";
				PRODUCT_BUNDLE_IDENTIFIER = Zero.CodeYanZhengUITests;
				PRODUCT_NAME = "$(TARGET_NAME)";
				TEST_TARGET_NAME = CodeYanZheng;
				USES_XCTRUNNER = YES;
			};
			name = Release;
		};
/* End XCBuildConfiguration section */

/* Begin XCConfigurationList section */
		81CEA9B91CD381F300F730E5 /* Build configuration list for PBXProject "CodeYanZheng" */ = {
			isa = XCConfigurationList;
			buildConfigurations = (
				81CEA9E91CD381F400F730E5 /* Debug */,
				81CEA9EA1CD381F400F730E5 /* Release */,
			);
			defaultConfigurationIsVisible = 0;
			defaultConfigurationName = Release;
		};
		81CEA9EB1CD381F400F730E5 /* Build configuration list for PBXNativeTarget "CodeYanZheng" */ = {
			isa = XCConfigurationList;
			buildConfigurations = (
				81CEA9EC1CD381F400F730E5 /* Debug */,
				81CEA9ED1CD381F400F730E5 /* Release */,
			);
			defaultConfigurationIsVisible = 0;
		};
		81CEA9EE1CD381F400F730E5 /* Build configuration list for PBXNativeTarget "CodeYanZhengTests" */ = {
			isa = XCConfigurationList;
			buildConfigurations = (
				81CEA9EF1CD381F400F730E5 /* Debug */,
				81CEA9F01CD381F400F730E5 /* Release */,
			);
			defaultConfigurationIsVisible = 0;
		};
		81CEA9F11CD381F400F730E5 /* Build configuration list for PBXNativeTarget "CodeYanZhengUITests" */ = {
			isa = XCConfigurationList;
			buildConfigurations = (
				81CEA9F21CD381F400F730E5 /* Debug */,
				81CEA9F31CD381F400F730E5 /* Release */,
			);
			defaultConfigurationIsVisible = 0;
		};
/* End XCConfigurationList section */
	};
	rootObject = 81CEA9B61CD381F300F730E5 /* Project object */;
}
